
Microsoft Visual Studio Solution File, Format Version 12.00
# Visual Studio Version 16
VisualStudioVersion = 16.0.31605.320
MinimumVisualStudioVersion = 10.0.40219.1
Project("{FAE04EC0-301F-11D3-BF4B-00C04F79EFBC}") = "LoginApp.Android", "LoginApp.Android\LoginApp.Android.csproj", "{525FED0C-1D7D-436F-9AC7-7C446C7D8944}"
EndProject
Project("{FAE04EC0-301F-11D3-BF4B-00C04F79EFBC}") = "LoginApp.iOS", "LoginApp.iOS\LoginApp.iOS.csproj", "{4398D73C-4609-466F-B624-7F8F75F810BC}"
EndProject
Project("{FAE04EC0-301F-11D3-BF4B-00C04F79EFBC}") = "LoginApp", "LoginApp\LoginApp.csproj", "{35643C02-84B6-4FB4-81D9-510D38E9744A}"
EndProject
Global
	GlobalSection(SolutionConfigurationPlatforms) = preSolution
		Debug|Any CPU = Debug|Any CPU
		Debug|iPhone = Debug|iPhone
		Debug|iPhoneSimulator = Debug|iPhoneSimulator
		Release|Any CPU = Release|Any CPU
		Release|iPhone = Release|iPhone
		Release|iPhoneSimulator = Release|iPhoneSimulator
	EndGlobalSection
	GlobalSection(ProjectConfigurationPlatforms) = postSolution
		{525FED0C-1D7D-436F-9AC7-7C446C7D8944}.Debug|Any CPU.ActiveCfg = Debug|Any CPU
		{525FED0C-1D7D-436F-9AC7-7C446C7D8944}.Debug|Any CPU.Build.0 = Debug|Any CPU
		{525FED0C-1D7D-436F-9AC7-7C446C7D8944}.Debug|Any CPU.Deploy.0 = Debug|Any CPU
		{525FED0C-1D7D-436F-9AC7-7C446C7D8944}.Debug|iPhone.ActiveCfg = Debug|Any CPU
		{525FED0C-1D7D-436F-9AC7-7C446C7D8944}.Debug|iPhone.Build.0 = Debug|Any CPU
		{525FED0C-1D7D-436F-9AC7-7C446C7D8944}.Debug|iPhone.Deploy.0 = Debug|Any CPU
		{525FED0C-1D7D-436F-9AC7-7C446C7D8944}.Debug|iPhoneSimulator.ActiveCfg = Debug|Any CPU
		{525FED0C-1D7D-436F-9AC7-7C446C7D8944}.Debug|iPhoneSimulator.Build.0 = Debug|Any CPU
		{525FED0C-1D7D-436F-9AC7-7C446C7D8944}.Debug|iPhoneSimulator.Deploy.0 = Debug|Any CPU
		{525FED0C-1D7D-436F-9AC7-7C446C7D8944}.Release|Any CPU.ActiveCfg = Release|Any CPU
		{525FED0C-1D7D-436F-9AC7-7C446C7D8944}.Release|Any CPU.Build.0 = Release|Any CPU
		{525FED0C-1D7D-436F-9AC7-7C446C7D8944}.Release|Any CPU.Deploy.0 = Release|Any CPU
		{525FED0C-1D7D-436F-9AC7-7C446C7D8944}.Release|iPhone.ActiveCfg = Release|Any CPU
		{525FED0C-1D7D-436F-9AC7-7C446C7D8944}.Release|iPhone.Build.0 = Release|Any CPU
		{525FED0C-1D7D-436F-9AC7-7C446C7D8944}.Release|iPhone.Deploy.0 = Release|Any CPU
		{525FED0C-1D7D-436F-9AC7-7C446C7D8944}.Release|iPhoneSimulator.ActiveCfg = Release|Any CPU
		{525FED0C-1D7D-436F-9AC7-7C446C7D8944}.Release|iPhoneSimulator.Build.0 = Release|Any CPU
		{525FED0C-1D7D-436F-9AC7-7C446C7D8944}.Release|iPhoneSimulator.Deploy.0 = Release|Any CPU
		{4398D73C-4609-466F-B624-7F8F75F810BC}.Debug|Any CPU.ActiveCfg = Debug|iPhone
		{4398D73C-4609-466F-B624-7F8F75F810BC}.Debug|Any CPU.Build.0 = Debug|iPhone
		{4398D73C-4609-466F-B624-7F8F75F810BC}.Debug|Any CPU.Deploy.0 = Debug|iPhone
		{4398D73C-4609-466F-B624-7F8F75F810BC}.Debug|iPhone.ActiveCfg = Debug|iPhone
		{4398D73C-4609-466F-B624-7F8F75F810BC}.Debug|iPhone.Build.0 = Debug|iPhone
		{4398D73C-4609-466F-B624-7F8F75F810BC}.Debug|iPhone.Deploy.0 = Debug|iPhone
		{4398D73C-4609-466F-B624-7F8F75F810BC}.Debug|iPhoneSimulator.ActiveCfg = Debug|iPhoneSimulator
		{4398D73C-4609-466F-B624-7F8F75F810BC}.Debug|iPhoneSimulator.Build.0 = Debug|iPhoneSimulator
		{4398D73C-4609-466F-B624-7F8F75F810BC}.Debug|iPhoneSimulator.Deploy.0 = Debug|iPhoneSimulator
		{4398D73C-4609-466F-B624-7F8F75F810BC}.Release|Any CPU.ActiveCfg = Release|iPhoneSimulator
		{4398D73C-4609-466F-B624-7F8F75F810BC}.Release|Any CPU.Build.0 = Release|iPhoneSimulator
		{4398D73C-4609-466F-B624-7F8F75F810BC}.Release|Any CPU.Deploy.0 = Release|iPhoneSimulator
		{4398D73C-4609-466F-B624-7F8F75F810BC}.Release|iPhone.ActiveCfg = Release|iPhone
		{4398D73C-4609-466F-B624-7F8F75F810BC}.Release|iPhone.Build.0 = Release|iPhone
		{4398D73C-4609-466F-B624-7F8F75F810BC}.Release|iPhone.Deploy.0 = Release|iPhone
		{4398D73C-4609-466F-B624-7F8F75F810BC}.Release|iPhoneSimulator.ActiveCfg = Release|iPhoneSimulator
		{4398D73C-4609-466F-B624-7F8F75F810BC}.Release|iPhoneSimulator.Build.0 = Release|iPhoneSimulator
		{4398D73C-4609-466F-B624-7F8F75F810BC}.Release|iPhoneSimulator.Deploy.0 = Release|iPhoneSimulator
		{35643C02-84B6-4FB4-81D9-510D38E9744A}.Debug|Any CPU.ActiveCfg = Debug|Any CPU
		{35643C02-84B6-4FB4-81D9-510D38E9744A}.Debug|Any CPU.Build.0 = Debug|Any CPU
		{35643C02-84B6-4FB4-81D9-510D38E9744A}.Debug|Any CPU.Deploy.0 = Debug|Any CPU
		{35643C02-84B6-4FB4-81D9-510D38E9744A}.Debug|iPhone.ActiveCfg = Debug|Any CPU
		{35643C02-84B6-4FB4-81D9-510D38E9744A}.Debug|iPhone.Build.0 = Debug|Any CPU
		{35643C02-84B6-4FB4-81D9-510D38E9744A}.Debug|iPhone.Deploy.0 = Debug|Any CPU
		{35643C02-84B6-4FB4-81D9-510D38E9744A}.Debug|iPhoneSimulator.ActiveCfg = Debug|Any CPU
		{35643C02-84B6-4FB4-81D9-510D38E9744A}.Debug|iPhoneSimulator.Build.0 = Debug|Any CPU
		{35643C02-84B6-4FB4-81D9-510D38E9744A}.Debug|iPhoneSimulator.Deploy.0 = Debug|Any CPU
		{35643C02-84B6-4FB4-81D9-510D38E9744A}.Release|Any CPU.ActiveCfg = Release|Any CPU
		{35643C02-84B6-4FB4-81D9-510D38E9744A}.Release|Any CPU.Build.0 = Release|Any CPU
		{35643C02-84B6-4FB4-81D9-510D38E9744A}.Release|Any CPU.Deploy.0 = Release|Any CPU
		{35643C02-84B6-4FB4-81D9-510D38E9744A}.Release|iPhone.ActiveCfg = Release|Any CPU
		{35643C02-84B6-4FB4-81D9-510D38E9744A}.Release|iPhone.Build.0 = Release|Any CPU
		{35643C02-84B6-4FB4-81D9-510D38E9744A}.Release|iPhone.Deploy.0 = Release|Any CPU
		{35643C02-84B6-4FB4-81D9-510D38E9744A}.Release|iPhoneSimulator.ActiveCfg = Release|Any CPU
		{35643C02-84B6-4FB4-81D9-510D38E9744A}.Release|iPhoneSimulator.Build.0 = Release|Any CPU
		{35643C02-84B6-4FB4-81D9-510D38E9744A}.Release|iPhoneSimulator.Deploy.0 = Release|Any CPU
	EndGlobalSection
	GlobalSection(SolutionProperties) = preSolution
		HideSolutionNode = FALSE
	EndGlobalSection
	GlobalSection(ExtensibilityGlobals) = postSolution
		SolutionGuid = {F1845DBA-AADC-49B4-BFF7-E0BECE02210E}
	EndGlobalSection
EndGlobal
